
Microsoft Visual Studio Solution File, Format Version 12.00
# Visual Studio Version 17
VisualStudioVersion = 17.9.34607.119
MinimumVisualStudioVersion = 10.0.40219.1
Project("{9A19103F-16F7-4668-BE54-9A1E7A4F7556}") = "TangyWeb_Server", "TangyWeb_Server\TangyWeb_Server.csproj", "{73AC40E0-0CF1-4971-9153-31ED25BDB25A}"
EndProject
Project("{9A19103F-16F7-4668-BE54-9A1E7A4F7556}") = "TangyWeb_Client", "TangyWeb_Client\TangyWeb_Client.csproj", "{D6627966-2DAC-4471-B5EC-DD7BBF5907EE}"
EndProject
Project("{9A19103F-16F7-4668-BE54-9A1E7A4F7556}") = "Tangy_Models", "Tangy_Models\Tangy_Models.csproj", "{AA40E0CF-42F7-4193-A0EC-1F8FD066531B}"
EndProject
Global
	GlobalSection(SolutionConfigurationPlatforms) = preSolution
		Debug|Any CPU = Debug|Any CPU
		Release|Any CPU = Release|Any CPU
	EndGlobalSection
	GlobalSection(ProjectConfigurationPlatforms) = postSolution
		{73AC40E0-0CF1-4971-9153-31ED25BDB25A}.Debug|Any CPU.ActiveCfg = Debug|Any CPU
		{73AC40E0-0CF1-4971-9153-31ED25BDB25A}.Debug|Any CPU.Build.0 = Debug|Any CPU
		{73AC40E0-0CF1-4971-9153-31ED25BDB25A}.Release|Any CPU.ActiveCfg = Release|Any CPU
		{73AC40E0-0CF1-4971-9153-31ED25BDB25A}.Release|Any CPU.Build.0 = Release|Any CPU
		{D6627966-2DAC-4471-B5EC-DD7BBF5907EE}.Debug|Any CPU.ActiveCfg = Debug|Any CPU
		{D6627966-2DAC-4471-B5EC-DD7BBF5907EE}.Debug|Any CPU.Build.0 = Debug|Any CPU
		{D6627966-2DAC-4471-B5EC-DD7BBF5907EE}.Release|Any CPU.ActiveCfg = Release|Any CPU
		{D6627966-2DAC-4471-B5EC-DD7BBF5907EE}.Release|Any CPU.Build.0 = Release|Any CPU
		{AA40E0CF-42F7-4193-A0EC-1F8FD066531B}.Debug|Any CPU.ActiveCfg = Debug|Any CPU
		{AA40E0CF-42F7-4193-A0EC-1F8FD066531B}.Debug|Any CPU.Build.0 = Debug|Any CPU
		{AA40E0CF-42F7-4193-A0EC-1F8FD066531B}.Release|Any CPU.ActiveCfg = Release|Any CPU
		{AA40E0CF-42F7-4193-A0EC-1F8FD066531B}.Release|Any CPU.Build.0 = Release|Any CPU
	EndGlobalSection
	GlobalSection(SolutionProperties) = preSolution
		HideSolutionNode = FALSE
	EndGlobalSection
	GlobalSection(ExtensibilityGlobals) = postSolution
		SolutionGuid = {29E2057A-6616-464F-AEFF-0B3529E5477F}
	EndGlobalSection
EndGlobal
